# This file is automatically @generated by Cargo.
# It is not intended for manual editing.
[[package]]
name = "cargo-husky"
version = "1.5.0"
source = "registry+https://github.com/rust-lang/crates.io-index"

[[package]]
name = "spec-test"
version = "0.1.0"
dependencies = [
 "wain-ast 0.1.3",
 "wain-exec 0.2.2",
 "wain-syntax-binary 0.1.2",
 "wain-syntax-text 0.1.2",
 "wain-validate 0.1.3",
]

[[package]]
name = "wain"
version = "0.1.5"
dependencies = [
 "cargo-husky 1.5.0 (registry+https://github.com/rust-lang/crates.io-index)",
 "wain-ast 0.1.3",
 "wain-exec 0.2.2",
 "wain-syntax-binary 0.1.2",
 "wain-syntax-text 0.1.2",
 "wain-validate 0.1.3",
]

[[package]]
name = "wain-ast"
version = "0.1.3"

[[package]]
name = "wain-exec"
version = "0.2.2"
dependencies = [
 "wain-ast 0.1.3",
 "wain-syntax-text 0.1.2",
 "wain-validate 0.1.3",
]

[[package]]
name = "wain-syntax-binary"
version = "0.1.2"
dependencies = [
 "wain-ast 0.1.3",
]

[[package]]
name = "wain-syntax-text"
version = "0.1.2"
dependencies = [
 "wain-ast 0.1.3",
]

[[package]]
name = "wain-validate"
version = "0.1.3"
dependencies = [
 "wain-ast 0.1.3",
]

[metadata]
"checksum cargo-husky 1.5.0 (registry+https://github.com/rust-lang/crates.io-index)" = "7b02b629252fe8ef6460461409564e2c21d0c8e77e0944f3d189ff06c4e932ad"
