# This file is automatically @generated by Cargo.
# It is not intended for manual editing.
[[package]]
name = "wain"
version = "0.0.0"
dependencies = [
 "wain-ast 0.0.0",
 "wain-syntax-text 0.0.0",
]

[[package]]
name = "wain-ast"
version = "0.0.0"

[[package]]
name = "wain-syntax-text"
version = "0.0.0"
dependencies = [
 "wain-ast 0.0.0",
]

