# This file is automatically @generated by Cargo.
# It is not intended for manual editing.
[[package]]
name = "arbitrary"
version = "0.4.4"
source = "registry+https://github.com/rust-lang/crates.io-index"
checksum = "c5eb01a9ab8a3369f2f7632b9461c34f5920bd454774bab5b9fc6744f21d6143"

[[package]]
name = "cc"
version = "1.0.54"
source = "registry+https://github.com/rust-lang/crates.io-index"
checksum = "7bbb73db36c1246e9034e307d0fba23f9a2e251faa47ade70c1bd252220c8311"

[[package]]
name = "libfuzzer-sys"
version = "0.3.2"
source = "registry+https://github.com/rust-lang/crates.io-index"
checksum = "8d718794b8e23533b9069bd2c4597d69e41cc7ab1c02700a502971aca0cdcf24"
dependencies = [
 "arbitrary",
 "cc",
]

[[package]]
name = "wain"
version = "0.1.6"
dependencies = [
 "wain-ast",
 "wain-exec",
 "wain-syntax-binary",
 "wain-syntax-text",
 "wain-validate",
]

[[package]]
name = "wain-ast"
version = "0.2.0"

[[package]]
name = "wain-exec"
version = "0.3.0"
dependencies = [
 "wain-ast",
]

[[package]]
name = "wain-fuzz"
version = "0.0.0"
dependencies = [
 "libfuzzer-sys",
 "wain",
 "wain-syntax-binary",
]

[[package]]
name = "wain-syntax-binary"
version = "0.1.3"
dependencies = [
 "wain-ast",
]

[[package]]
name = "wain-syntax-text"
version = "0.2.0"
dependencies = [
 "wain-ast",
]

[[package]]
name = "wain-validate"
version = "0.1.4"
dependencies = [
 "wain-ast",
]
